
Microsoft Visual Studio Solution File, Format Version 12.00
# Visual Studio Version 17
VisualStudioVersion = 17.11.35327.3
MinimumVisualStudioVersion = 10.0.40219.1
Project("{FAE04EC0-301F-11D3-BF4B-00C04F79EFBC}") = "Assignment-2_3", "Assignment-2_3.csproj", "{2BB8124E-00C0-4D38-9244-03C50CEAA897}"
EndProject
Global
	GlobalSection(SolutionConfigurationPlatforms) = preSolution
		Debug|Any CPU = Debug|Any CPU
		Release|Any CPU = Release|Any CPU
	EndGlobalSection
	GlobalSection(ProjectConfigurationPlatforms) = postSolution
		{2BB8124E-00C0-4D38-9244-03C50CEAA897}.Debug|Any CPU.ActiveCfg = Debug|Any CPU
		{2BB8124E-00C0-4D38-9244-03C50CEAA897}.Debug|Any CPU.Build.0 = Debug|Any CPU
		{2BB8124E-00C0-4D38-9244-03C50CEAA897}.Release|Any CPU.ActiveCfg = Release|Any CPU
		{2BB8124E-00C0-4D38-9244-03C50CEAA897}.Release|Any CPU.Build.0 = Release|Any CPU
	EndGlobalSection
	GlobalSection(SolutionProperties) = preSolution
		HideSolutionNode = FALSE
	EndGlobalSection
	GlobalSection(ExtensibilityGlobals) = postSolution
		SolutionGuid = {BAC9B8A6-0B5F-47AA-A394-63E4FA100FEB}
	EndGlobalSection
EndGlobal
